
Microsoft Visual Studio Solution File, Format Version 12.00
# Visual Studio Version 16
VisualStudioVersion = 16.0.31005.135
MinimumVisualStudioVersion = 10.0.40219.1
Project("{FAE04EC0-301F-11D3-BF4B-00C04F79EFBC}") = "CLI_Cameras", "CLI_Cameras\CLI_Cameras.csproj", "{FE1A5ACC-3D7B-4CB6-9F81-BB901703A275}"
EndProject
Global
	GlobalSection(SolutionConfigurationPlatforms) = preSolution
		Debug|Any CPU = Debug|Any CPU
		Release|Any CPU = Release|Any CPU
	EndGlobalSection
	GlobalSection(ProjectConfigurationPlatforms) = postSolution
		{FE1A5ACC-3D7B-4CB6-9F81-BB901703A275}.Debug|Any CPU.ActiveCfg = Debug|Any CPU
		{FE1A5ACC-3D7B-4CB6-9F81-BB901703A275}.Debug|Any CPU.Build.0 = Debug|Any CPU
		{FE1A5ACC-3D7B-4CB6-9F81-BB901703A275}.Release|Any CPU.ActiveCfg = Release|Any CPU
		{FE1A5ACC-3D7B-4CB6-9F81-BB901703A275}.Release|Any CPU.Build.0 = Release|Any CPU
	EndGlobalSection
	GlobalSection(SolutionProperties) = preSolution
		HideSolutionNode = FALSE
	EndGlobalSection
	GlobalSection(ExtensibilityGlobals) = postSolution
		SolutionGuid = {9D7D08DF-45A4-4D28-8373-568B79ED889D}
	EndGlobalSection
EndGlobal
